
Microsoft Visual Studio Solution File, Format Version 12.00
# Visual Studio Version 17
VisualStudioVersion = 17.6.33815.320
MinimumVisualStudioVersion = 10.0.40219.1
Project("{9A19103F-16F7-4668-BE54-9A1E7A4F7556}") = "sipay_final_case", "sipay_final_case\sipay_final_case.csproj", "{CD46AFA9-B8EF-482C-9236-45B32EF947CA}"
EndProject
Project("{9A19103F-16F7-4668-BE54-9A1E7A4F7556}") = "Data", "Data\Data.csproj", "{E87EB746-1A2B-4C2A-BFC3-A344624F5FD5}"
EndProject
Project("{9A19103F-16F7-4668-BE54-9A1E7A4F7556}") = "Base", "Base\Base.csproj", "{AD2BF9F6-68B1-4EBB-A6A4-C3FB60B367D3}"
EndProject
Project("{FAE04EC0-301F-11D3-BF4B-00C04F79EFBC}") = "Schema", "Schema\Schema.csproj", "{C6579817-20F7-4CC6-9E59-D15F5CD06327}"
EndProject
Project("{FAE04EC0-301F-11D3-BF4B-00C04F79EFBC}") = "Services", "Services\Services.csproj", "{8D401474-5569-4A0A-ACFC-97896331A35C}"
EndProject
Global
	GlobalSection(SolutionConfigurationPlatforms) = preSolution
		Debug|Any CPU = Debug|Any CPU
		Release|Any CPU = Release|Any CPU
	EndGlobalSection
	GlobalSection(ProjectConfigurationPlatforms) = postSolution
		{CD46AFA9-B8EF-482C-9236-45B32EF947CA}.Debug|Any CPU.ActiveCfg = Debug|Any CPU
		{CD46AFA9-B8EF-482C-9236-45B32EF947CA}.Debug|Any CPU.Build.0 = Debug|Any CPU
		{CD46AFA9-B8EF-482C-9236-45B32EF947CA}.Release|Any CPU.ActiveCfg = Release|Any CPU
		{CD46AFA9-B8EF-482C-9236-45B32EF947CA}.Release|Any CPU.Build.0 = Release|Any CPU
		{E87EB746-1A2B-4C2A-BFC3-A344624F5FD5}.Debug|Any CPU.ActiveCfg = Debug|Any CPU
		{E87EB746-1A2B-4C2A-BFC3-A344624F5FD5}.Debug|Any CPU.Build.0 = Debug|Any CPU
		{E87EB746-1A2B-4C2A-BFC3-A344624F5FD5}.Release|Any CPU.ActiveCfg = Release|Any CPU
		{E87EB746-1A2B-4C2A-BFC3-A344624F5FD5}.Release|Any CPU.Build.0 = Release|Any CPU
		{AD2BF9F6-68B1-4EBB-A6A4-C3FB60B367D3}.Debug|Any CPU.ActiveCfg = Debug|Any CPU
		{AD2BF9F6-68B1-4EBB-A6A4-C3FB60B367D3}.Debug|Any CPU.Build.0 = Debug|Any CPU
		{AD2BF9F6-68B1-4EBB-A6A4-C3FB60B367D3}.Release|Any CPU.ActiveCfg = Release|Any CPU
		{AD2BF9F6-68B1-4EBB-A6A4-C3FB60B367D3}.Release|Any CPU.Build.0 = Release|Any CPU
		{C6579817-20F7-4CC6-9E59-D15F5CD06327}.Debug|Any CPU.ActiveCfg = Debug|Any CPU
		{C6579817-20F7-4CC6-9E59-D15F5CD06327}.Debug|Any CPU.Build.0 = Debug|Any CPU
		{C6579817-20F7-4CC6-9E59-D15F5CD06327}.Release|Any CPU.ActiveCfg = Release|Any CPU
		{C6579817-20F7-4CC6-9E59-D15F5CD06327}.Release|Any CPU.Build.0 = Release|Any CPU
		{8D401474-5569-4A0A-ACFC-97896331A35C}.Debug|Any CPU.ActiveCfg = Debug|Any CPU
		{8D401474-5569-4A0A-ACFC-97896331A35C}.Debug|Any CPU.Build.0 = Debug|Any CPU
		{8D401474-5569-4A0A-ACFC-97896331A35C}.Release|Any CPU.ActiveCfg = Release|Any CPU
		{8D401474-5569-4A0A-ACFC-97896331A35C}.Release|Any CPU.Build.0 = Release|Any CPU
	EndGlobalSection
	GlobalSection(SolutionProperties) = preSolution
		HideSolutionNode = FALSE
	EndGlobalSection
	GlobalSection(ExtensibilityGlobals) = postSolution
		SolutionGuid = {EBDAD541-ABE5-477A-8BCC-6715C382BB22}
	EndGlobalSection
EndGlobal
